
Microsoft Visual Studio Solution File, Format Version 12.00
# Visual Studio 15
VisualStudioVersion = 15.0.28307.136
MinimumVisualStudioVersion = 10.0.40219.1
Project("{FAE04EC0-301F-11D3-BF4B-00C04F79EFBC}") = "CoreRabbitMQ", "CoreRabbitMQ\CoreRabbitMQ.csproj", "{77CBA4F9-AE4C-463B-9D15-AF8525BB6B25}"
EndProject
Global
	GlobalSection(SolutionConfigurationPlatforms) = preSolution
		Debug|Any CPU = Debug|Any CPU
		Release|Any CPU = Release|Any CPU
	EndGlobalSection
	GlobalSection(ProjectConfigurationPlatforms) = postSolution
		{77CBA4F9-AE4C-463B-9D15-AF8525BB6B25}.Debug|Any CPU.ActiveCfg = Debug|Any CPU
		{77CBA4F9-AE4C-463B-9D15-AF8525BB6B25}.Debug|Any CPU.Build.0 = Debug|Any CPU
		{77CBA4F9-AE4C-463B-9D15-AF8525BB6B25}.Release|Any CPU.ActiveCfg = Release|Any CPU
		{77CBA4F9-AE4C-463B-9D15-AF8525BB6B25}.Release|Any CPU.Build.0 = Release|Any CPU
	EndGlobalSection
	GlobalSection(SolutionProperties) = preSolution
		HideSolutionNode = FALSE
	EndGlobalSection
	GlobalSection(ExtensibilityGlobals) = postSolution
		SolutionGuid = {D082D51B-0CC5-41DF-B97F-08D38B6023C6}
	EndGlobalSection
EndGlobal
